# THIS IS AN AUTOGENERATED FILE. DO NOT EDIT THIS FILE DIRECTLY.
# yarn lockfile v1


react-native-android-permissions@^0.0.7:
  version "0.0.7"
  resolved "https://registry.yarnpkg.com/react-native-android-permissions/-/react-native-android-permissions-0.0.7.tgz#376c60d1a7713b5f88011ff8c8e377beb0a2108b"
